// !$*UTF8*$!
{
	archiveVersion = 1;
	classes = {
	};
	objectVersion = 50;
	objects = {

/* Begin PBXBuildFile section */
		2B37BA6D23A44E0A00460D15 /* snowParticle.sks in Resources */ = {isa = PBXBuildFile; fileRef = 2B37BA6B23A44E0A00460D15 /* snowParticle.sks */; };
		2B37BA6E23A44E0A00460D15 /* Assets.xcassets in Resources */ = {isa = PBXBuildFile; fileRef = 2B37BA6C23A44E0A00460D15 /* Assets.xcassets */; };
		2B42ED9323A3F78A00139967 /* ParticleFunctions.swift in Sources */ = {isa = PBXBuildFile; fileRef = 2B42ED9223A3F78A00139967 /* ParticleFunctions.swift */; };
		2B42ED9623A3F7B800139967 /* rainParticle.sks in Resources */ = {isa = PBXBuildFile; fileRef = 2B42ED9423A3F7B800139967 /* rainParticle.sks */; };
		2B42ED9723A3F7B800139967 /* Assets.xcassets in Resources */ = {isa = PBXBuildFile; fileRef = 2B42ED9523A3F7B800139967 /* Assets.xcassets */; };
		2B42ED9C23A3FC7A00139967 /* Actions.swift in Sources */ = {isa = PBXBuildFile; fileRef = 2B42ED9B23A3FC7A00139967 /* Actions.swift */; };
		2B55FE4923A93A6E00553782 /* smokeParticle.sks in Resources */ = {isa = PBXBuildFile; fileRef = 2B55FE4823A93A6E00553782 /* smokeParticle.sks */; };
		664C499D239ABC3300858CAB /* AppDelegate.swift in Sources */ = {isa = PBXBuildFile; fileRef = 664C499C239ABC3300858CAB /* AppDelegate.swift */; };
		664C499F239ABC3300858CAB /* GameScene.sks in Resources */ = {isa = PBXBuildFile; fileRef = 664C499E239ABC3300858CAB /* GameScene.sks */; };
		664C49A1239ABC3300858CAB /* Actions.sks in Resources */ = {isa = PBXBuildFile; fileRef = 664C49A0239ABC3300858CAB /* Actions.sks */; };
		664C49A3239ABC3300858CAB /* GameScene.swift in Sources */ = {isa = PBXBuildFile; fileRef = 664C49A2239ABC3300858CAB /* GameScene.swift */; };
		664C49A5239ABC3300858CAB /* GameViewController.swift in Sources */ = {isa = PBXBuildFile; fileRef = 664C49A4239ABC3300858CAB /* GameViewController.swift */; };
		664C49A8239ABC3300858CAB /* Main.storyboard in Resources */ = {isa = PBXBuildFile; fileRef = 664C49A6239ABC3300858CAB /* Main.storyboard */; };
		664C49AA239ABC3500858CAB /* Assets.xcassets in Resources */ = {isa = PBXBuildFile; fileRef = 664C49A9239ABC3500858CAB /* Assets.xcassets */; };
		664C49AD239ABC3500858CAB /* LaunchScreen.storyboard in Resources */ = {isa = PBXBuildFile; fileRef = 664C49AB239ABC3500858CAB /* LaunchScreen.storyboard */; };
		A06F2CC123A156E30045B7C8 /* SpriteSheet.swift in Sources */ = {isa = PBXBuildFile; fileRef = A06F2CC023A156E30045B7C8 /* SpriteSheet.swift */; };
		A0FAD7B723A29E75009F4FDE /* Controls.swift in Sources */ = {isa = PBXBuildFile; fileRef = A0FAD7B623A29E75009F4FDE /* Controls.swift */; };
/* End PBXBuildFile section */

/* Begin PBXFileReference section */
		2B37BA6B23A44E0A00460D15 /* snowParticle.sks */ = {isa = PBXFileReference; lastKnownFileType = file.sks; path = snowParticle.sks; sourceTree = "<group>"; };
		2B37BA6C23A44E0A00460D15 /* Assets.xcassets */ = {isa = PBXFileReference; lastKnownFileType = folder.assetcatalog; path = Assets.xcassets; sourceTree = "<group>"; };
		2B42ED9223A3F78A00139967 /* ParticleFunctions.swift */ = {isa = PBXFileReference; lastKnownFileType = sourcecode.swift; path = ParticleFunctions.swift; sourceTree = "<group>"; };
		2B42ED9423A3F7B800139967 /* rainParticle.sks */ = {isa = PBXFileReference; lastKnownFileType = file.sks; path = rainParticle.sks; sourceTree = "<group>"; };
		2B42ED9523A3F7B800139967 /* Assets.xcassets */ = {isa = PBXFileReference; lastKnownFileType = folder.assetcatalog; path = Assets.xcassets; sourceTree = "<group>"; };
		2B42ED9B23A3FC7A00139967 /* Actions.swift */ = {isa = PBXFileReference; lastKnownFileType = sourcecode.swift; path = Actions.swift; sourceTree = "<group>"; };
		2B55FE4823A93A6E00553782 /* smokeParticle.sks */ = {isa = PBXFileReference; lastKnownFileType = file.sks; path = smokeParticle.sks; sourceTree = "<group>"; };
		664C4999239ABC3300858CAB /* DBZ Fight.app */ = {isa = PBXFileReference; explicitFileType = wrapper.application; includeInIndex = 0; path = "DBZ Fight.app"; sourceTree = BUILT_PRODUCTS_DIR; };
		664C499C239ABC3300858CAB /* AppDelegate.swift */ = {isa = PBXFileReference; lastKnownFileType = sourcecode.swift; path = AppDelegate.swift; sourceTree = "<group>"; };
		664C499E239ABC3300858CAB /* GameScene.sks */ = {isa = PBXFileReference; lastKnownFileType = file.sks; path = GameScene.sks; sourceTree = "<group>"; };
		664C49A0239ABC3300858CAB /* Actions.sks */ = {isa = PBXFileReference; lastKnownFileType = file.sks; path = Actions.sks; sourceTree = "<group>"; };
		664C49A2239ABC3300858CAB /* GameScene.swift */ = {isa = PBXFileReference; lastKnownFileType = sourcecode.swift; path = GameScene.swift; sourceTree = "<group>"; };
		664C49A4239ABC3300858CAB /* GameViewController.swift */ = {isa = PBXFileReference; lastKnownFileType = sourcecode.swift; path = GameViewController.swift; sourceTree = "<group>"; };
		664C49A7239ABC3300858CAB /* Base */ = {isa = PBXFileReference; lastKnownFileType = file.storyboard; name = Base; path = Base.lproj/Main.storyboard; sourceTree = "<group>"; };
		664C49A9239ABC3500858CAB /* Assets.xcassets */ = {isa = PBXFileReference; lastKnownFileType = folder.assetcatalog; path = Assets.xcassets; sourceTree = "<group>"; };
		664C49AC239ABC3500858CAB /* Base */ = {isa = PBXFileReference; lastKnownFileType = file.storyboard; name = Base; path = Base.lproj/LaunchScreen.storyboard; sourceTree = "<group>"; };
		664C49AE239ABC3500858CAB /* Info.plist */ = {isa = PBXFileReference; lastKnownFileType = text.plist.xml; path = Info.plist; sourceTree = "<group>"; };
		A06F2CC023A156E30045B7C8 /* SpriteSheet.swift */ = {isa = PBXFileReference; lastKnownFileType = sourcecode.swift; path = SpriteSheet.swift; sourceTree = "<group>"; };
		A0FAD7B623A29E75009F4FDE /* Controls.swift */ = {isa = PBXFileReference; lastKnownFileType = sourcecode.swift; path = Controls.swift; sourceTree = "<group>"; };
/* End PBXFileReference section */

/* Begin PBXFrameworksBuildPhase section */
		664C4996239ABC3300858CAB /* Frameworks */ = {
			isa = PBXFrameworksBuildPhase;
			buildActionMask = 2147483647;
			files = (
			);
			runOnlyForDeploymentPostprocessing = 0;
		};
/* End PBXFrameworksBuildPhase section */

/* Begin PBXGroup section */
		2B42ED9123A3F76F00139967 /* Particles */ = {
			isa = PBXGroup;
			children = (
				2B42ED9223A3F78A00139967 /* ParticleFunctions.swift */,
				2B37BA6B23A44E0A00460D15 /* snowParticle.sks */,
				2B42ED9423A3F7B800139967 /* rainParticle.sks */,
				2B55FE4823A93A6E00553782 /* smokeParticle.sks */,
				2B42ED9523A3F7B800139967 /* Assets.xcassets */,
			);
			path = Particles;
			sourceTree = "<group>";
		};
		2B42ED9A23A3FC5000139967 /* Actions */ = {
			isa = PBXGroup;
			children = (
				A0FAD7B623A29E75009F4FDE /* Controls.swift */,
				2B42ED9B23A3FC7A00139967 /* Actions.swift */,
			);
			path = Actions;
			sourceTree = "<group>";
		};
		2B6CC5CB23A6BC5400BB99D3 /* Sprites */ = {
			isa = PBXGroup;
			children = (
				A06F2CC023A156E30045B7C8 /* SpriteSheet.swift */,
			);
			path = Sprites;
			sourceTree = "<group>";
		};
		664C4990239ABC3300858CAB = {
			isa = PBXGroup;
			children = (
				2B37BA6C23A44E0A00460D15 /* Assets.xcassets */,
				664C499B239ABC3300858CAB /* DBZ Fight */,
				664C499A239ABC3300858CAB /* Products */,
			);
			sourceTree = "<group>";
		};
		664C499A239ABC3300858CAB /* Products */ = {
			isa = PBXGroup;
			children = (
				664C4999239ABC3300858CAB /* DBZ Fight.app */,
			);
			name = Products;
			sourceTree = "<group>";
		};
		664C499B239ABC3300858CAB /* DBZ Fight */ = {
			isa = PBXGroup;
			children = (
				664C499C239ABC3300858CAB /* AppDelegate.swift */,
				664C499E239ABC3300858CAB /* GameScene.sks */,
				664C49A0239ABC3300858CAB /* Actions.sks */,
				664C49A2239ABC3300858CAB /* GameScene.swift */,
				664C49A4239ABC3300858CAB /* GameViewController.swift */,
				2B42ED9A23A3FC5000139967 /* Actions */,
				2B42ED9123A3F76F00139967 /* Particles */,
				2B6CC5CB23A6BC5400BB99D3 /* Sprites */,
				664C49A6239ABC3300858CAB /* Main.storyboard */,
				664C49A9239ABC3500858CAB /* Assets.xcassets */,
				664C49AB239ABC3500858CAB /* LaunchScreen.storyboard */,
				664C49AE239ABC3500858CAB /* Info.plist */,
			);
			path = "DBZ Fight";
			sourceTree = "<group>";
		};
/* End PBXGroup section */

/* Begin PBXNativeTarget section */
		664C4998239ABC3300858CAB /* DBZ Fight */ = {
			isa = PBXNativeTarget;
			buildConfigurationList = 664C49B1239ABC3500858CAB /* Build configuration list for PBXNativeTarget "DBZ Fight" */;
			buildPhases = (
				664C4995239ABC3300858CAB /* Sources */,
				664C4996239ABC3300858CAB /* Frameworks */,
				664C4997239ABC3300858CAB /* Resources */,
			);
			buildRules = (
			);
			dependencies = (
			);
			name = "DBZ Fight";
			productName = "DBZ Fight";
			productReference = 664C4999239ABC3300858CAB /* DBZ Fight.app */;
			productType = "com.apple.product-type.application";
		};
/* End PBXNativeTarget section */

/* Begin PBXProject section */
		664C4991239ABC3300858CAB /* Project object */ = {
			isa = PBXProject;
			attributes = {
				LastSwiftUpdateCheck = 1110;
				LastUpgradeCheck = 1110;
				ORGANIZATIONNAME = "Air Barrett Apps";
				TargetAttributes = {
					664C4998239ABC3300858CAB = {
						CreatedOnToolsVersion = 11.1;
					};
				};
			};
			buildConfigurationList = 664C4994239ABC3300858CAB /* Build configuration list for PBXProject "DBZ Fight" */;
			compatibilityVersion = "Xcode 9.3";
			developmentRegion = en;
			hasScannedForEncodings = 0;
			knownRegions = (
				en,
				Base,
			);
			mainGroup = 664C4990239ABC3300858CAB;
			productRefGroup = 664C499A239ABC3300858CAB /* Products */;
			projectDirPath = "";
			projectRoot = "";
			targets = (
				664C4998239ABC3300858CAB /* DBZ Fight */,
			);
		};
/* End PBXProject section */

/* Begin PBXResourcesBuildPhase section */
		664C4997239ABC3300858CAB /* Resources */ = {
			isa = PBXResourcesBuildPhase;
			buildActionMask = 2147483647;
			files = (
				664C49A8239ABC3300858CAB /* Main.storyboard in Resources */,
				664C499F239ABC3300858CAB /* GameScene.sks in Resources */,
				664C49AA239ABC3500858CAB /* Assets.xcassets in Resources */,
				2B42ED9623A3F7B800139967 /* rainParticle.sks in Resources */,
				2B42ED9723A3F7B800139967 /* Assets.xcassets in Resources */,
				664C49AD239ABC3500858CAB /* LaunchScreen.storyboard in Resources */,
				664C49A1239ABC3300858CAB /* Actions.sks in Resources */,
				2B55FE4923A93A6E00553782 /* smokeParticle.sks in Resources */,
				2B37BA6E23A44E0A00460D15 /* Assets.xcassets in Resources */,
				2B37BA6D23A44E0A00460D15 /* snowParticle.sks in Resources */,
			);
			runOnlyForDeploymentPostprocessing = 0;
		};
/* End PBXResourcesBuildPhase section */

/* Begin PBXSourcesBuildPhase section */
		664C4995239ABC3300858CAB /* Sources */ = {
			isa = PBXSourcesBuildPhase;
			buildActionMask = 2147483647;
			files = (
				A06F2CC123A156E30045B7C8 /* SpriteSheet.swift in Sources */,
				2B42ED9323A3F78A00139967 /* ParticleFunctions.swift in Sources */,
				664C49A3239ABC3300858CAB /* GameScene.swift in Sources */,
				A0FAD7B723A29E75009F4FDE /* Controls.swift in Sources */,
				664C49A5239ABC3300858CAB /* GameViewController.swift in Sources */,
				664C499D239ABC3300858CAB /* AppDelegate.swift in Sources */,
				2B42ED9C23A3FC7A00139967 /* Actions.swift in Sources */,
			);
			runOnlyForDeploymentPostprocessing = 0;
		};
/* End PBXSourcesBuildPhase section */

/* Begin PBXVariantGroup section */
		664C49A6239ABC3300858CAB /* Main.storyboard */ = {
			isa = PBXVariantGroup;
			children = (
				664C49A7239ABC3300858CAB /* Base */,
			);
			name = Main.storyboard;
			sourceTree = "<group>";
		};
		664C49AB239ABC3500858CAB /* LaunchScreen.storyboard */ = {
			isa = PBXVariantGroup;
			children = (
				664C49AC239ABC3500858CAB /* Base */,
			);
			name = LaunchScreen.storyboard;
			sourceTree = "<group>";
		};
/* End PBXVariantGroup section */

/* Begin XCBuildConfiguration section */
		664C49AF239ABC3500858CAB /* Debug */ = {
			isa = XCBuildConfiguration;
			buildSettings = {
				ALWAYS_SEARCH_USER_PATHS = NO;
				CLANG_ANALYZER_NONNULL = YES;
				CLANG_ANALYZER_NUMBER_OBJECT_CONVERSION = YES_AGGRESSIVE;
				CLANG_CXX_LANGUAGE_STANDARD = "gnu++14";
				CLANG_CXX_LIBRARY = "libc++";
				CLANG_ENABLE_MODULES = YES;
				CLANG_ENABLE_OBJC_ARC = YES;
				CLANG_ENABLE_OBJC_WEAK = YES;
				CLANG_WARN_BLOCK_CAPTURE_AUTORELEASING = YES;
				CLANG_WARN_BOOL_CONVERSION = YES;
				CLANG_WARN_COMMA = YES;
				CLANG_WARN_CONSTANT_CONVERSION = YES;
				CLANG_WARN_DEPRECATED_OBJC_IMPLEMENTATIONS = YES;
				CLANG_WARN_DIRECT_OBJC_ISA_USAGE = YES_ERROR;
				CLANG_WARN_DOCUMENTATION_COMMENTS = YES;
				CLANG_WARN_EMPTY_BODY = YES;
				CLANG_WARN_ENUM_CONVERSION = YES;
				CLANG_WARN_INFINITE_RECURSION = YES;
				CLANG_WARN_INT_CONVERSION = YES;
				CLANG_WARN_NON_LITERAL_NULL_CONVERSION = YES;
				CLANG_WARN_OBJC_IMPLICIT_RETAIN_SELF = YES;
				CLANG_WARN_OBJC_LITERAL_CONVERSION = YES;
				CLANG_WARN_OBJC_ROOT_CLASS = YES_ERROR;
				CLANG_WARN_RANGE_LOOP_ANALYSIS = YES;
				CLANG_WARN_STRICT_PROTOTYPES = YES;
				CLANG_WARN_SUSPICIOUS_MOVE = YES;
				CLANG_WARN_UNGUARDED_AVAILABILITY = YES_AGGRESSIVE;
				CLANG_WARN_UNREACHABLE_CODE = YES;
				CLANG_WARN__DUPLICATE_METHOD_MATCH = YES;
				COPY_PHASE_STRIP = NO;
				DEBUG_INFORMATION_FORMAT = dwarf;
				ENABLE_STRICT_OBJC_MSGSEND = YES;
				ENABLE_TESTABILITY = YES;
				GCC_C_LANGUAGE_STANDARD = gnu11;
				GCC_DYNAMIC_NO_PIC = NO;
				GCC_NO_COMMON_BLOCKS = YES;
				GCC_OPTIMIZATION_LEVEL = 0;
				GCC_PREPROCESSOR_DEFINITIONS = (
					"DEBUG=1",
					"$(inherited)",
				);
				GCC_WARN_64_TO_32_BIT_CONVERSION = YES;
				GCC_WARN_ABOUT_RETURN_TYPE = YES_ERROR;
				GCC_WARN_UNDECLARED_SELECTOR = YES;
				GCC_WARN_UNINITIALIZED_AUTOS = YES_AGGRESSIVE;
				GCC_WARN_UNUSED_FUNCTION = YES;
				GCC_WARN_UNUSED_VARIABLE = YES;
				MTL_ENABLE_DEBUG_INFO = INCLUDE_SOURCE;
				MTL_FAST_MATH = YES;
				ONLY_ACTIVE_ARCH = YES;
				SDKROOT = appletvos;
				SWIFT_ACTIVE_COMPILATION_CONDITIONS = DEBUG;
				SWIFT_OPTIMIZATION_LEVEL = "-Onone";
				TVOS_DEPLOYMENT_TARGET = 13.0;
			};
			name = Debug;
		};
		664C49B0239ABC3500858CAB /* Release */ = {
			isa = XCBuildConfiguration;
			buildSettings = {
				ALWAYS_SEARCH_USER_PATHS = NO;
				CLANG_ANALYZER_NONNULL = YES;
				CLANG_ANALYZER_NUMBER_OBJECT_CONVERSION = YES_AGGRESSIVE;
				CLANG_CXX_LANGUAGE_STANDARD = "gnu++14";
				CLANG_CXX_LIBRARY = "libc++";
				CLANG_ENABLE_MODULES = YES;
				CLANG_ENABLE_OBJC_ARC = YES;
				CLANG_ENABLE_OBJC_WEAK = YES;
				CLANG_WARN_BLOCK_CAPTURE_AUTORELEASING = YES;
				CLANG_WARN_BOOL_CONVERSION = YES;
				CLANG_WARN_COMMA = YES;
				CLANG_WARN_CONSTANT_CONVERSION = YES;
				CLANG_WARN_DEPRECATED_OBJC_IMPLEMENTATIONS = YES;
				CLANG_WARN_DIRECT_OBJC_ISA_USAGE = YES_ERROR;
				CLANG_WARN_DOCUMENTATION_COMMENTS = YES;
				CLANG_WARN_EMPTY_BODY = YES;
				CLANG_WARN_ENUM_CONVERSION = YES;
				CLANG_WARN_INFINITE_RECURSION = YES;
				CLANG_WARN_INT_CONVERSION = YES;
				CLANG_WARN_NON_LITERAL_NULL_CONVERSION = YES;
				CLANG_WARN_OBJC_IMPLICIT_RETAIN_SELF = YES;
				CLANG_WARN_OBJC_LITERAL_CONVERSION = YES;
				CLANG_WARN_OBJC_ROOT_CLASS = YES_ERROR;
				CLANG_WARN_RANGE_LOOP_ANALYSIS = YES;
				CLANG_WARN_STRICT_PROTOTYPES = YES;
				CLANG_WARN_SUSPICIOUS_MOVE = YES;
				CLANG_WARN_UNGUARDED_AVAILABILITY = YES_AGGRESSIVE;
				CLANG_WARN_UNREACHABLE_CODE = YES;
				CLANG_WARN__DUPLICATE_METHOD_MATCH = YES;
				COPY_PHASE_STRIP = NO;
				DEBUG_INFORMATION_FORMAT = "dwarf-with-dsym";
				ENABLE_NS_ASSERTIONS = NO;
				ENABLE_STRICT_OBJC_MSGSEND = YES;
				GCC_C_LANGUAGE_STANDARD = gnu11;
				GCC_NO_COMMON_BLOCKS = YES;
				GCC_WARN_64_TO_32_BIT_CONVERSION = YES;
				GCC_WARN_ABOUT_RETURN_TYPE = YES_ERROR;
				GCC_WARN_UNDECLARED_SELECTOR = YES;
				GCC_WARN_UNINITIALIZED_AUTOS = YES_AGGRESSIVE;
				GCC_WARN_UNUSED_FUNCTION = YES;
				GCC_WARN_UNUSED_VARIABLE = YES;
				MTL_ENABLE_DEBUG_INFO = NO;
				MTL_FAST_MATH = YES;
				SDKROOT = appletvos;
				SWIFT_COMPILATION_MODE = wholemodule;
				SWIFT_OPTIMIZATION_LEVEL = "-O";
				TVOS_DEPLOYMENT_TARGET = 13.0;
				VALIDATE_PRODUCT = YES;
			};
			name = Release;
		};
		664C49B2239ABC3500858CAB /* Debug */ = {
			isa = XCBuildConfiguration;
			buildSettings = {
				CODE_SIGN_STYLE = Automatic;
				DEVELOPMENT_TEAM = KB72Z5Z35W;
				INFOPLIST_FILE = "DBZ Fight/Info.plist";
				LD_RUNPATH_SEARCH_PATHS = (
					"$(inherited)",
					"@executable_path/Frameworks",
				);
				PRODUCT_BUNDLE_IDENTIFIER = "AirBarrett.DBZ-Fight";
				PRODUCT_NAME = "$(TARGET_NAME)";
				SWIFT_VERSION = 5.0;
				TARGETED_DEVICE_FAMILY = 3;
			};
			name = Debug;
		};
		664C49B3239ABC3500858CAB /* Release */ = {
			isa = XCBuildConfiguration;
			buildSettings = {
				CODE_SIGN_STYLE = Automatic;
				DEVELOPMENT_TEAM = KB72Z5Z35W;
				INFOPLIST_FILE = "DBZ Fight/Info.plist";
				LD_RUNPATH_SEARCH_PATHS = (
					"$(inherited)",
					"@executable_path/Frameworks",
				);
				PRODUCT_BUNDLE_IDENTIFIER = "AirBarrett.DBZ-Fight";
				PRODUCT_NAME = "$(TARGET_NAME)";
				SWIFT_VERSION = 5.0;
				TARGETED_DEVICE_FAMILY = 3;
			};
			name = Release;
		};
/* End XCBuildConfiguration section */

/* Begin XCConfigurationList section */
		664C4994239ABC3300858CAB /* Build configuration list for PBXProject "DBZ Fight" */ = {
			isa = XCConfigurationList;
			buildConfigurations = (
				664C49AF239ABC3500858CAB /* Debug */,
				664C49B0239ABC3500858CAB /* Release */,
			);
			defaultConfigurationIsVisible = 0;
			defaultConfigurationName = Release;
		};
		664C49B1239ABC3500858CAB /* Build configuration list for PBXNativeTarget "DBZ Fight" */ = {
			isa = XCConfigurationList;
			buildConfigurations = (
				664C49B2239ABC3500858CAB /* Debug */,
				664C49B3239ABC3500858CAB /* Release */,
			);
			defaultConfigurationIsVisible = 0;
			defaultConfigurationName = Release;
		};
/* End XCConfigurationList section */
	};
	rootObject = 664C4991239ABC3300858CAB /* Project object */;
}
